// !$*UTF8*$!
{
	archiveVersion = 1;
	classes = {
	};
	objectVersion = 48;
	objects = {

/* Begin PBXBuildFile section */
		0DC9D3022AE8482B4E5A7E14 /* Pods_GroceryApp.framework in Frameworks */ = {isa = PBXBuildFile; fileRef = F2885B278BD0B9AF57526031 /* Pods_GroceryApp.framework */; };
		D700335E20F130A1003941EC /* AppDelegate.swift in Sources */ = {isa = PBXBuildFile; fileRef = D700335D20F130A1003941EC /* AppDelegate.swift */; };
		D700336020F130A1003941EC /* LoginViewController.swift in Sources */ = {isa = PBXBuildFile; fileRef = D700335F20F130A1003941EC /* LoginViewController.swift */; };
		D700336320F130A1003941EC /* Main.storyboard in Resources */ = {isa = PBXBuildFile; fileRef = D700336120F130A1003941EC /* Main.storyboard */; };
		D700336520F130A1003941EC /* Assets.xcassets in Resources */ = {isa = PBXBuildFile; fileRef = D700336420F130A1003941EC /* Assets.xcassets */; };
		D700336820F130A1003941EC /* LaunchScreen.storyboard in Resources */ = {isa = PBXBuildFile; fileRef = D700336620F130A1003941EC /* LaunchScreen.storyboard */; };
		D700337020F139E7003941EC /* GroceryListTableViewController.swift in Sources */ = {isa = PBXBuildFile; fileRef = D700336F20F139E7003941EC /* GroceryListTableViewController.swift */; };
		D700337320F205E3003941EC /* OnlineUsersTableViewController.swift in Sources */ = {isa = PBXBuildFile; fileRef = D700337220F205E3003941EC /* OnlineUsersTableViewController.swift */; };
		D700337620F2073C003941EC /* User.swift in Sources */ = {isa = PBXBuildFile; fileRef = D700337520F2073C003941EC /* User.swift */; };
		D700337820F20749003941EC /* GroceryItem.swift in Sources */ = {isa = PBXBuildFile; fileRef = D700337720F20749003941EC /* GroceryItem.swift */; };
		D700337C20F632F0003941EC /* GoogleService-Info.plist in Resources */ = {isa = PBXBuildFile; fileRef = D700337B20F632F0003941EC /* GoogleService-Info.plist */; };
/* End PBXBuildFile section */

/* Begin PBXFileReference section */
		9FE8E1855E49CE00EAC5E59C /* Pods-GroceryApp.debug.xcconfig */ = {isa = PBXFileReference; includeInIndex = 1; lastKnownFileType = text.xcconfig; name = "Pods-GroceryApp.debug.xcconfig"; path = "Pods/Target Support Files/Pods-GroceryApp/Pods-GroceryApp.debug.xcconfig"; sourceTree = "<group>"; };
		D700335A20F130A1003941EC /* GroceryApp.app */ = {isa = PBXFileReference; explicitFileType = wrapper.application; includeInIndex = 0; path = GroceryApp.app; sourceTree = BUILT_PRODUCTS_DIR; };
		D700335D20F130A1003941EC /* AppDelegate.swift */ = {isa = PBXFileReference; lastKnownFileType = sourcecode.swift; path = AppDelegate.swift; sourceTree = "<group>"; };
		D700335F20F130A1003941EC /* LoginViewController.swift */ = {isa = PBXFileReference; lastKnownFileType = sourcecode.swift; path = LoginViewController.swift; sourceTree = "<group>"; };
		D700336220F130A1003941EC /* Base */ = {isa = PBXFileReference; lastKnownFileType = file.storyboard; name = Base; path = Base.lproj/Main.storyboard; sourceTree = "<group>"; };
		D700336420F130A1003941EC /* Assets.xcassets */ = {isa = PBXFileReference; lastKnownFileType = folder.assetcatalog; path = Assets.xcassets; sourceTree = "<group>"; };
		D700336720F130A1003941EC /* Base */ = {isa = PBXFileReference; lastKnownFileType = file.storyboard; name = Base; path = Base.lproj/LaunchScreen.storyboard; sourceTree = "<group>"; };
		D700336920F130A1003941EC /* Info.plist */ = {isa = PBXFileReference; lastKnownFileType = text.plist.xml; path = Info.plist; sourceTree = "<group>"; };
		D700336F20F139E7003941EC /* GroceryListTableViewController.swift */ = {isa = PBXFileReference; lastKnownFileType = sourcecode.swift; path = GroceryListTableViewController.swift; sourceTree = "<group>"; };
		D700337220F205E3003941EC /* OnlineUsersTableViewController.swift */ = {isa = PBXFileReference; lastKnownFileType = sourcecode.swift; path = OnlineUsersTableViewController.swift; sourceTree = "<group>"; };
		D700337520F2073C003941EC /* User.swift */ = {isa = PBXFileReference; lastKnownFileType = sourcecode.swift; path = User.swift; sourceTree = "<group>"; };
		D700337720F20749003941EC /* GroceryItem.swift */ = {isa = PBXFileReference; lastKnownFileType = sourcecode.swift; path = GroceryItem.swift; sourceTree = "<group>"; };
		D700337B20F632F0003941EC /* GoogleService-Info.plist */ = {isa = PBXFileReference; fileEncoding = 4; lastKnownFileType = text.plist.xml; path = "GoogleService-Info.plist"; sourceTree = "<group>"; };
		D7B0D53020F8BCD700763A31 /* GroceryApp.entitlements */ = {isa = PBXFileReference; lastKnownFileType = text.plist.entitlements; path = GroceryApp.entitlements; sourceTree = "<group>"; };
		E6373D8BBA4C82272FDC7E3B /* Pods-GroceryApp.release.xcconfig */ = {isa = PBXFileReference; includeInIndex = 1; lastKnownFileType = text.xcconfig; name = "Pods-GroceryApp.release.xcconfig"; path = "Pods/Target Support Files/Pods-GroceryApp/Pods-GroceryApp.release.xcconfig"; sourceTree = "<group>"; };
		F2885B278BD0B9AF57526031 /* Pods_GroceryApp.framework */ = {isa = PBXFileReference; explicitFileType = wrapper.framework; includeInIndex = 0; path = Pods_GroceryApp.framework; sourceTree = BUILT_PRODUCTS_DIR; };
/* End PBXFileReference section */

/* Begin PBXFrameworksBuildPhase section */
		D700335720F130A1003941EC /* Frameworks */ = {
			isa = PBXFrameworksBuildPhase;
			buildActionMask = 2147483647;
			files = (
				0DC9D3022AE8482B4E5A7E14 /* Pods_GroceryApp.framework in Frameworks */,
			);
			runOnlyForDeploymentPostprocessing = 0;
		};
/* End PBXFrameworksBuildPhase section */

/* Begin PBXGroup section */
		2F83D793EFD1B6ABA06B321C /* Pods */ = {
			isa = PBXGroup;
			children = (
				9FE8E1855E49CE00EAC5E59C /* Pods-GroceryApp.debug.xcconfig */,
				E6373D8BBA4C82272FDC7E3B /* Pods-GroceryApp.release.xcconfig */,
			);
			name = Pods;
			sourceTree = "<group>";
		};
		3D66500FD60625484A817070 /* Frameworks */ = {
			isa = PBXGroup;
			children = (
				F2885B278BD0B9AF57526031 /* Pods_GroceryApp.framework */,
			);
			name = Frameworks;
			sourceTree = "<group>";
		};
		D700335120F130A1003941EC = {
			isa = PBXGroup;
			children = (
				D700335C20F130A1003941EC /* GroceryApp */,
				D700335B20F130A1003941EC /* Products */,
				2F83D793EFD1B6ABA06B321C /* Pods */,
				3D66500FD60625484A817070 /* Frameworks */,
			);
			sourceTree = "<group>";
		};
		D700335B20F130A1003941EC /* Products */ = {
			isa = PBXGroup;
			children = (
				D700335A20F130A1003941EC /* GroceryApp.app */,
			);
			name = Products;
			sourceTree = "<group>";
		};
		D700335C20F130A1003941EC /* GroceryApp */ = {
			isa = PBXGroup;
			children = (
				D7B0D53020F8BCD700763A31 /* GroceryApp.entitlements */,
				D700337420F2072A003941EC /* Model */,
				D700337120F205B0003941EC /* Controllers */,
				D700335D20F130A1003941EC /* AppDelegate.swift */,
				D700336120F130A1003941EC /* Main.storyboard */,
				D700336420F130A1003941EC /* Assets.xcassets */,
				D700336620F130A1003941EC /* LaunchScreen.storyboard */,
				D700336920F130A1003941EC /* Info.plist */,
				D700337B20F632F0003941EC /* GoogleService-Info.plist */,
			);
			path = GroceryApp;
			sourceTree = "<group>";
		};
		D700337120F205B0003941EC /* Controllers */ = {
			isa = PBXGroup;
			children = (
				D700335F20F130A1003941EC /* LoginViewController.swift */,
				D700336F20F139E7003941EC /* GroceryListTableViewController.swift */,
				D700337220F205E3003941EC /* OnlineUsersTableViewController.swift */,
			);
			path = Controllers;
			sourceTree = "<group>";
		};
		D700337420F2072A003941EC /* Model */ = {
			isa = PBXGroup;
			children = (
				D700337520F2073C003941EC /* User.swift */,
				D700337720F20749003941EC /* GroceryItem.swift */,
			);
			path = Model;
			sourceTree = "<group>";
		};
/* End PBXGroup section */

/* Begin PBXNativeTarget section */
		D700335920F130A1003941EC /* GroceryApp */ = {
			isa = PBXNativeTarget;
			buildConfigurationList = D700336C20F130A1003941EC /* Build configuration list for PBXNativeTarget "GroceryApp" */;
			buildPhases = (
				33E14DB8322868C8D1020B25 /* [CP] Check Pods Manifest.lock */,
				D700335620F130A1003941EC /* Sources */,
				D700335720F130A1003941EC /* Frameworks */,
				D700335820F130A1003941EC /* Resources */,
				A497B01D2E5FE5659840D5F3 /* [CP] Embed Pods Frameworks */,
			);
			buildRules = (
			);
			dependencies = (
			);
			name = GroceryApp;
			productName = GroceryApp;
			productReference = D700335A20F130A1003941EC /* GroceryApp.app */;
			productType = "com.apple.product-type.application";
		};
/* End PBXNativeTarget section */

/* Begin PBXProject section */
		D700335220F130A1003941EC /* Project object */ = {
			isa = PBXProject;
			attributes = {
				LastSwiftUpdateCheck = 0920;
				LastUpgradeCheck = 0920;
				ORGANIZATIONNAME = "Kamil Gacek";
				TargetAttributes = {
					D700335920F130A1003941EC = {
						CreatedOnToolsVersion = 9.2;
						ProvisioningStyle = Automatic;
						SystemCapabilities = {
							com.apple.Keychain = {
								enabled = 1;
							};
						};
					};
				};
			};
			buildConfigurationList = D700335520F130A1003941EC /* Build configuration list for PBXProject "GroceryApp" */;
			compatibilityVersion = "Xcode 8.0";
			developmentRegion = en;
			hasScannedForEncodings = 0;
			knownRegions = (
				en,
				Base,
			);
			mainGroup = D700335120F130A1003941EC;
			productRefGroup = D700335B20F130A1003941EC /* Products */;
			projectDirPath = "";
			projectRoot = "";
			targets = (
				D700335920F130A1003941EC /* GroceryApp */,
			);
		};
/* End PBXProject section */

/* Begin PBXResourcesBuildPhase section */
		D700335820F130A1003941EC /* Resources */ = {
			isa = PBXResourcesBuildPhase;
			buildActionMask = 2147483647;
			files = (
				D700336820F130A1003941EC /* LaunchScreen.storyboard in Resources */,
				D700337C20F632F0003941EC /* GoogleService-Info.plist in Resources */,
				D700336520F130A1003941EC /* Assets.xcassets in Resources */,
				D700336320F130A1003941EC /* Main.storyboard in Resources */,
			);
			runOnlyForDeploymentPostprocessing = 0;
		};
/* End PBXResourcesBuildPhase section */

/* Begin PBXShellScriptBuildPhase section */
		33E14DB8322868C8D1020B25 /* [CP] Check Pods Manifest.lock */ = {
			isa = PBXShellScriptBuildPhase;
			buildActionMask = 2147483647;
			files = (
			);
			inputPaths = (
				"${PODS_PODFILE_DIR_PATH}/Podfile.lock",
				"${PODS_ROOT}/Manifest.lock",
			);
			name = "[CP] Check Pods Manifest.lock";
			outputPaths = (
				"$(DERIVED_FILE_DIR)/Pods-GroceryApp-checkManifestLockResult.txt",
			);
			runOnlyForDeploymentPostprocessing = 0;
			shellPath = /bin/sh;
			shellScript = "diff \"${PODS_PODFILE_DIR_PATH}/Podfile.lock\" \"${PODS_ROOT}/Manifest.lock\" > /dev/null\nif [ $? != 0 ] ; then\n    # print error to STDERR\n    echo \"error: The sandbox is not in sync with the Podfile.lock. Run 'pod install' or update your CocoaPods installation.\" >&2\n    exit 1\nfi\n# This output is used by Xcode 'outputs' to avoid re-running this script phase.\necho \"SUCCESS\" > \"${SCRIPT_OUTPUT_FILE_0}\"\n";
			showEnvVarsInLog = 0;
		};
		A497B01D2E5FE5659840D5F3 /* [CP] Embed Pods Frameworks */ = {
			isa = PBXShellScriptBuildPhase;
			buildActionMask = 2147483647;
			files = (
			);
			inputPaths = (
				"${SRCROOT}/Pods/Target Support Files/Pods-GroceryApp/Pods-GroceryApp-frameworks.sh",
				"${BUILT_PRODUCTS_DIR}/GTMSessionFetcher/GTMSessionFetcher.framework",
				"${BUILT_PRODUCTS_DIR}/GoogleToolboxForMac/GoogleToolboxForMac.framework",
				"${BUILT_PRODUCTS_DIR}/leveldb-library/leveldb.framework",
				"${BUILT_PRODUCTS_DIR}/nanopb/nanopb.framework",
			);
			name = "[CP] Embed Pods Frameworks";
			outputPaths = (
				"${TARGET_BUILD_DIR}/${FRAMEWORKS_FOLDER_PATH}/GTMSessionFetcher.framework",
				"${TARGET_BUILD_DIR}/${FRAMEWORKS_FOLDER_PATH}/GoogleToolboxForMac.framework",
				"${TARGET_BUILD_DIR}/${FRAMEWORKS_FOLDER_PATH}/leveldb.framework",
				"${TARGET_BUILD_DIR}/${FRAMEWORKS_FOLDER_PATH}/nanopb.framework",
			);
			runOnlyForDeploymentPostprocessing = 0;
			shellPath = /bin/sh;
			shellScript = "\"${SRCROOT}/Pods/Target Support Files/Pods-GroceryApp/Pods-GroceryApp-frameworks.sh\"\n";
			showEnvVarsInLog = 0;
		};
/* End PBXShellScriptBuildPhase section */

/* Begin PBXSourcesBuildPhase section */
		D700335620F130A1003941EC /* Sources */ = {
			isa = PBXSourcesBuildPhase;
			buildActionMask = 2147483647;
			files = (
				D700336020F130A1003941EC /* LoginViewController.swift in Sources */,
				D700337320F205E3003941EC /* OnlineUsersTableViewController.swift in Sources */,
				D700337020F139E7003941EC /* GroceryListTableViewController.swift in Sources */,
				D700337620F2073C003941EC /* User.swift in Sources */,
				D700337820F20749003941EC /* GroceryItem.swift in Sources */,
				D700335E20F130A1003941EC /* AppDelegate.swift in Sources */,
			);
			runOnlyForDeploymentPostprocessing = 0;
		};
/* End PBXSourcesBuildPhase section */

/* Begin PBXVariantGroup section */
		D700336120F130A1003941EC /* Main.storyboard */ = {
			isa = PBXVariantGroup;
			children = (
				D700336220F130A1003941EC /* Base */,
			);
			name = Main.storyboard;
			sourceTree = "<group>";
		};
		D700336620F130A1003941EC /* LaunchScreen.storyboard */ = {
			isa = PBXVariantGroup;
			children = (
				D700336720F130A1003941EC /* Base */,
			);
			name = LaunchScreen.storyboard;
			sourceTree = "<group>";
		};
/* End PBXVariantGroup section */

/* Begin XCBuildConfiguration section */
		D700336A20F130A1003941EC /* Debug */ = {
			isa = XCBuildConfiguration;
			buildSettings = {
				ALWAYS_SEARCH_USER_PATHS = NO;
				CLANG_ANALYZER_NONNULL = YES;
				CLANG_ANALYZER_NUMBER_OBJECT_CONVERSION = YES_AGGRESSIVE;
				CLANG_CXX_LANGUAGE_STANDARD = "gnu++14";
				CLANG_CXX_LIBRARY = "libc++";
				CLANG_ENABLE_MODULES = YES;
				CLANG_ENABLE_OBJC_ARC = YES;
				CLANG_WARN_BLOCK_CAPTURE_AUTORELEASING = YES;
				CLANG_WARN_BOOL_CONVERSION = YES;
				CLANG_WARN_COMMA = YES;
				CLANG_WARN_CONSTANT_CONVERSION = YES;
				CLANG_WARN_DIRECT_OBJC_ISA_USAGE = YES_ERROR;
				CLANG_WARN_DOCUMENTATION_COMMENTS = YES;
				CLANG_WARN_EMPTY_BODY = YES;
				CLANG_WARN_ENUM_CONVERSION = YES;
				CLANG_WARN_INFINITE_RECURSION = YES;
				CLANG_WARN_INT_CONVERSION = YES;
				CLANG_WARN_NON_LITERAL_NULL_CONVERSION = YES;
				CLANG_WARN_OBJC_LITERAL_CONVERSION = YES;
				CLANG_WARN_OBJC_ROOT_CLASS = YES_ERROR;
				CLANG_WARN_RANGE_LOOP_ANALYSIS = YES;
				CLANG_WARN_STRICT_PROTOTYPES = YES;
				CLANG_WARN_SUSPICIOUS_MOVE = YES;
				CLANG_WARN_UNGUARDED_AVAILABILITY = YES_AGGRESSIVE;
				CLANG_WARN_UNREACHABLE_CODE = YES;
				CLANG_WARN__DUPLICATE_METHOD_MATCH = YES;
				CODE_SIGN_IDENTITY = "iPhone Developer";
				COPY_PHASE_STRIP = NO;
				DEBUG_INFORMATION_FORMAT = dwarf;
				ENABLE_STRICT_OBJC_MSGSEND = YES;
				ENABLE_TESTABILITY = YES;
				GCC_C_LANGUAGE_STANDARD = gnu11;
				GCC_DYNAMIC_NO_PIC = NO;
				GCC_NO_COMMON_BLOCKS = YES;
				GCC_OPTIMIZATION_LEVEL = 0;
				GCC_PREPROCESSOR_DEFINITIONS = (
					"DEBUG=1",
					"$(inherited)",
				);
				GCC_WARN_64_TO_32_BIT_CONVERSION = YES;
				GCC_WARN_ABOUT_RETURN_TYPE = YES_ERROR;
				GCC_WARN_UNDECLARED_SELECTOR = YES;
				GCC_WARN_UNINITIALIZED_AUTOS = YES_AGGRESSIVE;
				GCC_WARN_UNUSED_FUNCTION = YES;
				GCC_WARN_UNUSED_VARIABLE = YES;
				IPHONEOS_DEPLOYMENT_TARGET = 11.2;
				MTL_ENABLE_DEBUG_INFO = YES;
				ONLY_ACTIVE_ARCH = YES;
				SDKROOT = iphoneos;
				SWIFT_ACTIVE_COMPILATION_CONDITIONS = DEBUG;
				SWIFT_OPTIMIZATION_LEVEL = "-Onone";
			};
			name = Debug;
		};
		D700336B20F130A1003941EC /* Release */ = {
			isa = XCBuildConfiguration;
			buildSettings = {
				ALWAYS_SEARCH_USER_PATHS = NO;
				CLANG_ANALYZER_NONNULL = YES;
				CLANG_ANALYZER_NUMBER_OBJECT_CONVERSION = YES_AGGRESSIVE;
				CLANG_CXX_LANGUAGE_STANDARD = "gnu++14";
				CLANG_CXX_LIBRARY = "libc++";
				CLANG_ENABLE_MODULES = YES;
				CLANG_ENABLE_OBJC_ARC = YES;
				CLANG_WARN_BLOCK_CAPTURE_AUTORELEASING = YES;
				CLANG_WARN_BOOL_CONVERSION = YES;
				CLANG_WARN_COMMA = YES;
				CLANG_WARN_CONSTANT_CONVERSION = YES;
				CLANG_WARN_DIRECT_OBJC_ISA_USAGE = YES_ERROR;
				CLANG_WARN_DOCUMENTATION_COMMENTS = YES;
				CLANG_WARN_EMPTY_BODY = YES;
				CLANG_WARN_ENUM_CONVERSION = YES;
				CLANG_WARN_INFINITE_RECURSION = YES;
				CLANG_WARN_INT_CONVERSION = YES;
				CLANG_WARN_NON_LITERAL_NULL_CONVERSION = YES;
				CLANG_WARN_OBJC_LITERAL_CONVERSION = YES;
				CLANG_WARN_OBJC_ROOT_CLASS = YES_ERROR;
				CLANG_WARN_RANGE_LOOP_ANALYSIS = YES;
				CLANG_WARN_STRICT_PROTOTYPES = YES;
				CLANG_WARN_SUSPICIOUS_MOVE = YES;
				CLANG_WARN_UNGUARDED_AVAILABILITY = YES_AGGRESSIVE;
				CLANG_WARN_UNREACHABLE_CODE = YES;
				CLANG_WARN__DUPLICATE_METHOD_MATCH = YES;
				CODE_SIGN_IDENTITY = "iPhone Developer";
				COPY_PHASE_STRIP = NO;
				DEBUG_INFORMATION_FORMAT = "dwarf-with-dsym";
				ENABLE_NS_ASSERTIONS = NO;
				ENABLE_STRICT_OBJC_MSGSEND = YES;
				GCC_C_LANGUAGE_STANDARD = gnu11;
				GCC_NO_COMMON_BLOCKS = YES;
				GCC_WARN_64_TO_32_BIT_CONVERSION = YES;
				GCC_WARN_ABOUT_RETURN_TYPE = YES_ERROR;
				GCC_WARN_UNDECLARED_SELECTOR = YES;
				GCC_WARN_UNINITIALIZED_AUTOS = YES_AGGRESSIVE;
				GCC_WARN_UNUSED_FUNCTION = YES;
				GCC_WARN_UNUSED_VARIABLE = YES;
				IPHONEOS_DEPLOYMENT_TARGET = 11.2;
				MTL_ENABLE_DEBUG_INFO = NO;
				SDKROOT = iphoneos;
				SWIFT_OPTIMIZATION_LEVEL = "-Owholemodule";
				VALIDATE_PRODUCT = YES;
			};
			name = Release;
		};
		D700336D20F130A1003941EC /* Debug */ = {
			isa = XCBuildConfiguration;
			baseConfigurationReference = 9FE8E1855E49CE00EAC5E59C /* Pods-GroceryApp.debug.xcconfig */;
			buildSettings = {
				ASSETCATALOG_COMPILER_APPICON_NAME = AppIcon;
				CODE_SIGN_ENTITLEMENTS = GroceryApp/GroceryApp.entitlements;
				"CODE_SIGN_IDENTITY[sdk=iphoneos*]" = "iPhone Developer";
				CODE_SIGN_STYLE = Automatic;
				DEVELOPMENT_TEAM = 867RZ7Q28Q;
				INFOPLIST_FILE = GroceryApp/Info.plist;
				LD_RUNPATH_SEARCH_PATHS = "$(inherited) @executable_path/Frameworks";
				PRODUCT_BUNDLE_IDENTIFIER = kamil.GroceryApp;
				PRODUCT_NAME = "$(TARGET_NAME)";
				PROVISIONING_PROFILE_SPECIFIER = "";
				SWIFT_VERSION = 4.0;
				TARGETED_DEVICE_FAMILY = "1,2";
			};
			name = Debug;
		};
		D700336E20F130A1003941EC /* Release */ = {
			isa = XCBuildConfiguration;
			baseConfigurationReference = E6373D8BBA4C82272FDC7E3B /* Pods-GroceryApp.release.xcconfig */;
			buildSettings = {
				ASSETCATALOG_COMPILER_APPICON_NAME = AppIcon;
				CODE_SIGN_ENTITLEMENTS = GroceryApp/GroceryApp.entitlements;
				"CODE_SIGN_IDENTITY[sdk=iphoneos*]" = "iPhone Developer";
				CODE_SIGN_STYLE = Automatic;
				DEVELOPMENT_TEAM = 867RZ7Q28Q;
				INFOPLIST_FILE = GroceryApp/Info.plist;
				LD_RUNPATH_SEARCH_PATHS = "$(inherited) @executable_path/Frameworks";
				PRODUCT_BUNDLE_IDENTIFIER = kamil.GroceryApp;
				PRODUCT_NAME = "$(TARGET_NAME)";
				PROVISIONING_PROFILE_SPECIFIER = "";
				SWIFT_VERSION = 4.0;
				TARGETED_DEVICE_FAMILY = "1,2";
			};
			name = Release;
		};
/* End XCBuildConfiguration section */

/* Begin XCConfigurationList section */
		D700335520F130A1003941EC /* Build configuration list for PBXProject "GroceryApp" */ = {
			isa = XCConfigurationList;
			buildConfigurations = (
				D700336A20F130A1003941EC /* Debug */,
				D700336B20F130A1003941EC /* Release */,
			);
			defaultConfigurationIsVisible = 0;
			defaultConfigurationName = Release;
		};
		D700336C20F130A1003941EC /* Build configuration list for PBXNativeTarget "GroceryApp" */ = {
			isa = XCConfigurationList;
			buildConfigurations = (
				D700336D20F130A1003941EC /* Debug */,
				D700336E20F130A1003941EC /* Release */,
			);
			defaultConfigurationIsVisible = 0;
			defaultConfigurationName = Release;
		};
/* End XCConfigurationList section */
	};
	rootObject = D700335220F130A1003941EC /* Project object */;
}
